// !$*UTF8*$!
{
	archiveVersion = 1;
	classes = {
	};
	objectVersion = 56;
	objects = {

/* Begin PBXBuildFile section */
		A10001 /* AutoSplatApp.swift in Sources */ = {isa = PBXBuildFile; fileRef = B10001; };
		A10002 /* ContentView.swift in Sources */ = {isa = PBXBuildFile; fileRef = B10002; };
		A10003 /* AppSettings.swift in Sources */ = {isa = PBXBuildFile; fileRef = B10003; };
		A10004 /* ModelDownloader.swift in Sources */ = {isa = PBXBuildFile; fileRef = B10004; };
		A10005 /* SHARPModelRunner.swift in Sources */ = {isa = PBXBuildFile; fileRef = B10005; };
		A10006 /* BatchProcessor.swift in Sources */ = {isa = PBXBuildFile; fileRef = B10006; };
		A10007 /* WebViewContainer.swift in Sources */ = {isa = PBXBuildFile; fileRef = B10007; };
		A10008 /* HelpView.swift in Sources */ = {isa = PBXBuildFile; fileRef = B10008; };
		A10009 /* BatchConversionSheet.swift in Sources */ = {isa = PBXBuildFile; fileRef = B10009; };
		A10021 /* Theme.swift in Sources */ = {isa = PBXBuildFile; fileRef = B10024; };
		A10022 /* HeadTrackingManager.swift in Sources */ = {isa = PBXBuildFile; fileRef = B10025; };
		A10023 /* SplatExporter.swift in Sources */ = {isa = PBXBuildFile; fileRef = B10026; };
		A10010 /* Assets.xcassets in Resources */ = {isa = PBXBuildFile; fileRef = B10010; };
		A10011 /* gaus3d.html in Resources */ = {isa = PBXBuildFile; fileRef = B10011; };
		A10012 /* spark.module.js in Resources */ = {isa = PBXBuildFile; fileRef = B10012; };
		A10013 /* three.module.js in Resources */ = {isa = PBXBuildFile; fileRef = B10013; };
		A10014 /* three.core.js in Resources */ = {isa = PBXBuildFile; fileRef = B10014; };
		A10015 /* OrbitControls3d.js in Resources */ = {isa = PBXBuildFile; fileRef = B10015; };
		A10016 /* help_en.html in Resources */ = {isa = PBXBuildFile; fileRef = B10016; };
		A10017 /* help_ja.html in Resources */ = {isa = PBXBuildFile; fileRef = B10017; };
		A10018 /* Localizable.strings in Resources */ = {isa = PBXBuildFile; fileRef = B10018; };
		A10019 /* demos.spz in Resources */ = {isa = PBXBuildFile; fileRef = B10022; };
		A10020 /* demo.spz in Resources */ = {isa = PBXBuildFile; fileRef = B10023; };
/* End PBXBuildFile section */

/* Begin PBXFileReference section */
		B10000 /* AutoSplat.app */ = {isa = PBXFileReference; explicitFileType = wrapper.application; includeInIndex = 0; path = AutoSplat.app; sourceTree = BUILT_PRODUCTS_DIR; };
		B10001 /* AutoSplatApp.swift */ = {isa = PBXFileReference; lastKnownFileType = sourcecode.swift; path = AutoSplatApp.swift; sourceTree = "<group>"; };
		B10002 /* ContentView.swift */ = {isa = PBXFileReference; lastKnownFileType = sourcecode.swift; path = ContentView.swift; sourceTree = "<group>"; };
		B10003 /* AppSettings.swift */ = {isa = PBXFileReference; lastKnownFileType = sourcecode.swift; path = AppSettings.swift; sourceTree = "<group>"; };
		B10004 /* ModelDownloader.swift */ = {isa = PBXFileReference; lastKnownFileType = sourcecode.swift; path = ModelDownloader.swift; sourceTree = "<group>"; };
		B10005 /* SHARPModelRunner.swift */ = {isa = PBXFileReference; lastKnownFileType = sourcecode.swift; path = SHARPModelRunner.swift; sourceTree = "<group>"; };
		B10006 /* BatchProcessor.swift */ = {isa = PBXFileReference; lastKnownFileType = sourcecode.swift; path = BatchProcessor.swift; sourceTree = "<group>"; };
		B10007 /* WebViewContainer.swift */ = {isa = PBXFileReference; lastKnownFileType = sourcecode.swift; path = WebViewContainer.swift; sourceTree = "<group>"; };
		B10008 /* HelpView.swift */ = {isa = PBXFileReference; lastKnownFileType = sourcecode.swift; path = HelpView.swift; sourceTree = "<group>"; };
		B10009 /* BatchConversionSheet.swift */ = {isa = PBXFileReference; lastKnownFileType = sourcecode.swift; path = BatchConversionSheet.swift; sourceTree = "<group>"; };
		B10010 /* Assets.xcassets */ = {isa = PBXFileReference; lastKnownFileType = folder.assetcatalog; path = Assets.xcassets; sourceTree = "<group>"; };
		B10011 /* gaus3d.html */ = {isa = PBXFileReference; lastKnownFileType = text.html; path = gaus3d.html; sourceTree = "<group>"; };
		B10012 /* spark.module.js */ = {isa = PBXFileReference; lastKnownFileType = sourcecode.javascript; path = spark.module.js; sourceTree = "<group>"; };
		B10013 /* three.module.js */ = {isa = PBXFileReference; lastKnownFileType = sourcecode.javascript; path = three.module.js; sourceTree = "<group>"; };
		B10014 /* three.core.js */ = {isa = PBXFileReference; lastKnownFileType = sourcecode.javascript; path = three.core.js; sourceTree = "<group>"; };
		B10015 /* OrbitControls3d.js */ = {isa = PBXFileReference; lastKnownFileType = sourcecode.javascript; path = OrbitControls3d.js; sourceTree = "<group>"; };
		B10016 /* help_en.html */ = {isa = PBXFileReference; lastKnownFileType = text.html; path = help_en.html; sourceTree = "<group>"; };
		B10017 /* help_ja.html */ = {isa = PBXFileReference; lastKnownFileType = text.html; path = help_ja.html; sourceTree = "<group>"; };
		B10018 /* Localizable.strings */ = {isa = PBXFileReference; lastKnownFileType = text.plist.strings; name = Localizable.strings; path = Localizable.strings; sourceTree = "<group>"; };
		B10019 /* Localizable.strings */ = {isa = PBXFileReference; lastKnownFileType = text.plist.strings; name = Localizable.strings; path = Localizable.strings; sourceTree = "<group>"; };
		B10020 /* Info.plist */ = {isa = PBXFileReference; lastKnownFileType = text.plist.xml; path = Info.plist; sourceTree = "<group>"; };
		B10021 /* AutoSplat.entitlements */ = {isa = PBXFileReference; lastKnownFileType = text.plist.entitlements; path = AutoSplat.entitlements; sourceTree = "<group>"; };
		B10022 /* demos.spz */ = {isa = PBXFileReference; lastKnownFileType = file; path = demos.spz; sourceTree = "<group>"; };
		B10023 /* demo.spz */ = {isa = PBXFileReference; lastKnownFileType = file; path = demo.spz; sourceTree = "<group>"; };
		B10024 /* Theme.swift */ = {isa = PBXFileReference; lastKnownFileType = sourcecode.swift; path = Theme.swift; sourceTree = "<group>"; };
		B10025 /* HeadTrackingManager.swift */ = {isa = PBXFileReference; lastKnownFileType = sourcecode.swift; path = HeadTrackingManager.swift; sourceTree = "<group>"; };
		B10026 /* SplatExporter.swift */ = {isa = PBXFileReference; lastKnownFileType = sourcecode.swift; path = SplatExporter.swift; sourceTree = "<group>"; };
/* End PBXFileReference section */

/* Begin PBXFrameworksBuildPhase section */
		F10001 /* Frameworks */ = {
			isa = PBXFrameworksBuildPhase;
			buildActionMask = 2147483647;
			files = (
			);
			runOnlyForDeploymentPostprocessing = 0;
		};
/* End PBXFrameworksBuildPhase section */

/* Begin PBXGroup section */
		G10000 = {
			isa = PBXGroup;
			children = (
				G10001 /* AutoSplat */,
				G10099 /* Products */,
			);
			sourceTree = "<group>";
		};
		G10001 /* AutoSplat */ = {
			isa = PBXGroup;
			children = (
				G10002 /* App */,
				G10003 /* Views */,
				G10004 /* Models */,
				G10005 /* Resources */,
				B10010 /* Assets.xcassets */,
				B10020 /* Info.plist */,
				B10021 /* AutoSplat.entitlements */,
			);
			path = AutoSplat;
			sourceTree = "<group>";
		};
		G10002 /* App */ = {
			isa = PBXGroup;
			children = (
				B10001 /* AutoSplatApp.swift */,
			);
			path = App;
			sourceTree = "<group>";
		};
		G10003 /* Views */ = {
			isa = PBXGroup;
			children = (
				B10002 /* ContentView.swift */,
				B10007 /* WebViewContainer.swift */,
				B10008 /* HelpView.swift */,
				B10009 /* BatchConversionSheet.swift */,
				B10024 /* Theme.swift */,
			);
			path = Views;
			sourceTree = "<group>";
		};
		G10004 /* Models */ = {
			isa = PBXGroup;
			children = (
				B10003 /* AppSettings.swift */,
				B10004 /* ModelDownloader.swift */,
				B10005 /* SHARPModelRunner.swift */,
				B10006 /* BatchProcessor.swift */,
				B10025 /* HeadTrackingManager.swift */,
				B10026 /* SplatExporter.swift */,
			);
			path = Models;
			sourceTree = "<group>";
		};
		G10005 /* Resources */ = {
			isa = PBXGroup;
			children = (
				B10011 /* gaus3d.html */,
				B10012 /* spark.module.js */,
				B10013 /* three.module.js */,
				B10014 /* three.core.js */,
				B10015 /* OrbitControls3d.js */,
				B10016 /* help_en.html */,
				B10017 /* help_ja.html */,
				B10022 /* demos.spz */,
				B10023 /* demo.spz */,
				G10006 /* en.lproj */,
				G10007 /* ja.lproj */,
			);
			path = Resources;
			sourceTree = "<group>";
		};
		G10006 /* en.lproj */ = {
			isa = PBXGroup;
			children = (
				B10018 /* Localizable.strings */,
			);
			path = en.lproj;
			sourceTree = "<group>";
		};
		G10007 /* ja.lproj */ = {
			isa = PBXGroup;
			children = (
				B10019 /* Localizable.strings */,
			);
			path = ja.lproj;
			sourceTree = "<group>";
		};
		G10099 /* Products */ = {
			isa = PBXGroup;
			children = (
				B10000 /* AutoSplat.app */,
			);
			name = Products;
			sourceTree = "<group>";
		};
/* End PBXGroup section */

/* Begin PBXNativeTarget section */
		T10001 /* AutoSplat */ = {
			isa = PBXNativeTarget;
			buildConfigurationList = C10003 /* Build configuration list for PBXNativeTarget "AutoSplat" */;
			buildPhases = (
				S10001 /* Sources */,
				F10001 /* Frameworks */,
				R10001 /* Resources */,
			);
			buildRules = (
			);
			dependencies = (
			);
			name = AutoSplat;
			productName = AutoSplat;
			productReference = B10000 /* AutoSplat.app */;
			productType = "com.apple.product-type.application";
		};
/* End PBXNativeTarget section */

/* Begin PBXProject section */
		P10001 /* Project object */ = {
			isa = PBXProject;
			attributes = {
				BuildIndependentTargetsInParallel = 1;
				LastSwiftUpdateCheck = 1600;
				LastUpgradeCheck = 1600;
				TargetAttributes = {
					T10001 = {
						CreatedOnToolsVersion = 16.0;
					};
				};
			};
			buildConfigurationList = C10001 /* Build configuration list for PBXProject "AutoSplat" */;
			compatibilityVersion = "Xcode 14.0";
			developmentRegion = en;
			hasScannedForEncodings = 0;
			knownRegions = (
				en,
				ja,
				Base,
			);
			mainGroup = G10000;
			productRefGroup = G10099 /* Products */;
			projectDirPath = "";
			projectRoot = "";
			targets = (
				T10001 /* AutoSplat */,
			);
		};
/* End PBXProject section */

/* Begin PBXResourcesBuildPhase section */
		R10001 /* Resources */ = {
			isa = PBXResourcesBuildPhase;
			buildActionMask = 2147483647;
			files = (
				A10010 /* Assets.xcassets in Resources */,
				A10011 /* gaus3d.html in Resources */,
				A10012 /* spark.module.js in Resources */,
				A10013 /* three.module.js in Resources */,
				A10014 /* three.core.js in Resources */,
				A10015 /* OrbitControls3d.js in Resources */,
				A10016 /* help_en.html in Resources */,
				A10017 /* help_ja.html in Resources */,
				A10018 /* Localizable.strings in Resources */,
				A10019 /* demos.spz in Resources */,
				A10020 /* demo.spz in Resources */,
			);
			runOnlyForDeploymentPostprocessing = 0;
		};
/* End PBXResourcesBuildPhase section */

/* Begin PBXSourcesBuildPhase section */
		S10001 /* Sources */ = {
			isa = PBXSourcesBuildPhase;
			buildActionMask = 2147483647;
			files = (
				A10001 /* AutoSplatApp.swift in Sources */,
				A10002 /* ContentView.swift in Sources */,
				A10003 /* AppSettings.swift in Sources */,
				A10004 /* ModelDownloader.swift in Sources */,
				A10005 /* SHARPModelRunner.swift in Sources */,
				A10006 /* BatchProcessor.swift in Sources */,
				A10007 /* WebViewContainer.swift in Sources */,
				A10008 /* HelpView.swift in Sources */,
				A10009 /* BatchConversionSheet.swift in Sources */,
				A10021 /* Theme.swift in Sources */,
				A10022 /* HeadTrackingManager.swift in Sources */,
				A10023 /* SplatExporter.swift in Sources */,
			);
			runOnlyForDeploymentPostprocessing = 0;
		};
/* End PBXSourcesBuildPhase section */

/* Begin XCBuildConfiguration section */
		D10001 /* Debug */ = {
			isa = XCBuildConfiguration;
			buildSettings = {
				ALWAYS_SEARCH_USER_PATHS = NO;
				ASSETCATALOG_COMPILER_GENERATE_SWIFT_ASSET_SYMBOL_EXTENSIONS = YES;
				CLANG_ANALYZER_NONNULL = YES;
				CLANG_ANALYZER_NUMBER_OBJECT_CONVERSION = YES_AGGRESSIVE;
				CLANG_CXX_LANGUAGE_STANDARD = "gnu++20";
				CLANG_ENABLE_MODULES = YES;
				CLANG_ENABLE_OBJC_ARC = YES;
				CLANG_ENABLE_OBJC_WEAK = YES;
				CLANG_WARN_BLOCK_CAPTURE_AUTORELEASING = YES;
				CLANG_WARN_BOOL_CONVERSION = YES;
				CLANG_WARN_COMMA = YES;
				CLANG_WARN_CONSTANT_CONVERSION = YES;
				CLANG_WARN_DEPRECATED_OBJC_IMPLEMENTATIONS = YES;
				CLANG_WARN_DIRECT_OBJC_ISA_USAGE = YES_ERROR;
				CLANG_WARN_DOCUMENTATION_COMMENTS = YES;
				CLANG_WARN_EMPTY_BODY = YES;
				CLANG_WARN_ENUM_CONVERSION = YES;
				CLANG_WARN_INFINITE_RECURSION = YES;
				CLANG_WARN_INT_CONVERSION = YES;
				CLANG_WARN_NON_LITERAL_NULL_CONVERSION = YES;
				CLANG_WARN_OBJC_IMPLICIT_RETAIN_SELF = YES;
				CLANG_WARN_OBJC_LITERAL_CONVERSION = YES;
				CLANG_WARN_OBJC_ROOT_CLASS = YES_ERROR;
				CLANG_WARN_QUOTED_INCLUDE_IN_FRAMEWORK_HEADER = YES;
				CLANG_WARN_RANGE_LOOP_ANALYSIS = YES;
				CLANG_WARN_STRICT_PROTOTYPES = YES;
				CLANG_WARN_SUSPICIOUS_MOVE = YES;
				CLANG_WARN_UNGUARDED_AVAILABILITY = YES_AGGRESSIVE;
				CLANG_WARN_UNREACHABLE_CODE = YES;
				CLANG_WARN__DUPLICATE_METHOD_MATCH = YES;
				COPY_PHASE_STRIP = NO;
				DEBUG_INFORMATION_FORMAT = dwarf;
				ENABLE_STRICT_OBJC_MSGSEND = YES;
				ENABLE_TESTABILITY = YES;
				ENABLE_USER_SCRIPT_SANDBOXING = YES;
				GCC_C_LANGUAGE_STANDARD = gnu17;
				GCC_DYNAMIC_NO_PIC = NO;
				GCC_NO_COMMON_BLOCKS = YES;
				GCC_OPTIMIZATION_LEVEL = 0;
				GCC_PREPROCESSOR_DEFINITIONS = (
					"DEBUG=1",
					"$(inherited)",
				);
				GCC_WARN_64_TO_32_BIT_CONVERSION = YES;
				GCC_WARN_ABOUT_RETURN_TYPE = YES_ERROR;
				GCC_WARN_UNDECLARED_SELECTOR = YES;
				GCC_WARN_UNINITIALIZED_AUTOS = YES_AGGRESSIVE;
				GCC_WARN_UNUSED_FUNCTION = YES;
				GCC_WARN_UNUSED_VARIABLE = YES;
				MACOSX_DEPLOYMENT_TARGET = 14.0;
				MTL_ENABLE_DEBUG_INFO = INCLUDE_SOURCE;
				MTL_FAST_MATH = YES;
				ONLY_ACTIVE_ARCH = YES;
				SDKROOT = macosx;
				SWIFT_ACTIVE_COMPILATION_CONDITIONS = "DEBUG $(inherited)";
				SWIFT_OPTIMIZATION_LEVEL = "-Onone";
			};
			name = Debug;
		};
		D10002 /* Release */ = {
			isa = XCBuildConfiguration;
			buildSettings = {
				ALWAYS_SEARCH_USER_PATHS = NO;
				ASSETCATALOG_COMPILER_GENERATE_SWIFT_ASSET_SYMBOL_EXTENSIONS = YES;
				CLANG_ANALYZER_NONNULL = YES;
				CLANG_ANALYZER_NUMBER_OBJECT_CONVERSION = YES_AGGRESSIVE;
				CLANG_CXX_LANGUAGE_STANDARD = "gnu++20";
				CLANG_ENABLE_MODULES = YES;
				CLANG_ENABLE_OBJC_ARC = YES;
				CLANG_ENABLE_OBJC_WEAK = YES;
				CLANG_WARN_BLOCK_CAPTURE_AUTORELEASING = YES;
				CLANG_WARN_BOOL_CONVERSION = YES;
				CLANG_WARN_COMMA = YES;
				CLANG_WARN_CONSTANT_CONVERSION = YES;
				CLANG_WARN_DEPRECATED_OBJC_IMPLEMENTATIONS = YES;
				CLANG_WARN_DIRECT_OBJC_ISA_USAGE = YES_ERROR;
				CLANG_WARN_DOCUMENTATION_COMMENTS = YES;
				CLANG_WARN_EMPTY_BODY = YES;
				CLANG_WARN_ENUM_CONVERSION = YES;
				CLANG_WARN_INFINITE_RECURSION = YES;
				CLANG_WARN_INT_CONVERSION = YES;
				CLANG_WARN_NON_LITERAL_NULL_CONVERSION = YES;
				CLANG_WARN_OBJC_IMPLICIT_RETAIN_SELF = YES;
				CLANG_WARN_OBJC_LITERAL_CONVERSION = YES;
				CLANG_WARN_OBJC_ROOT_CLASS = YES_ERROR;
				CLANG_WARN_QUOTED_INCLUDE_IN_FRAMEWORK_HEADER = YES;
				CLANG_WARN_RANGE_LOOP_ANALYSIS = YES;
				CLANG_WARN_STRICT_PROTOTYPES = YES;
				CLANG_WARN_SUSPICIOUS_MOVE = YES;
				CLANG_WARN_UNGUARDED_AVAILABILITY = YES_AGGRESSIVE;
				CLANG_WARN_UNREACHABLE_CODE = YES;
				CLANG_WARN__DUPLICATE_METHOD_MATCH = YES;
				COPY_PHASE_STRIP = NO;
				DEBUG_INFORMATION_FORMAT = "dwarf-with-dsym";
				ENABLE_NS_ASSERTIONS = NO;
				ENABLE_STRICT_OBJC_MSGSEND = YES;
				ENABLE_USER_SCRIPT_SANDBOXING = YES;
				GCC_C_LANGUAGE_STANDARD = gnu17;
				GCC_NO_COMMON_BLOCKS = YES;
				GCC_WARN_64_TO_32_BIT_CONVERSION = YES;
				GCC_WARN_ABOUT_RETURN_TYPE = YES_ERROR;
				GCC_WARN_UNDECLARED_SELECTOR = YES;
				GCC_WARN_UNINITIALIZED_AUTOS = YES_AGGRESSIVE;
				GCC_WARN_UNUSED_FUNCTION = YES;
				GCC_WARN_UNUSED_VARIABLE = YES;
				MACOSX_DEPLOYMENT_TARGET = 14.0;
				MTL_ENABLE_DEBUG_INFO = NO;
				MTL_FAST_MATH = YES;
				SDKROOT = macosx;
				SWIFT_COMPILATION_MODE = wholemodule;
			};
			name = Release;
		};
		D10003 /* Debug */ = {
			isa = XCBuildConfiguration;
			buildSettings = {
				ASSETCATALOG_COMPILER_APPICON_NAME = AppIcon;
				ASSETCATALOG_COMPILER_GLOBAL_ACCENT_COLOR_NAME = AccentColor;
				CODE_SIGN_ENTITLEMENTS = AutoSplat/AutoSplat.entitlements;
				CODE_SIGN_STYLE = Automatic;
				COMBINE_HIDPI_IMAGES = YES;
				CURRENT_PROJECT_VERSION = 1;
				DEVELOPMENT_TEAM = "";
				ENABLE_HARDENED_RUNTIME = YES;
				GENERATE_INFOPLIST_FILE = NO;
				INFOPLIST_FILE = AutoSplat/Info.plist;
				INFOPLIST_KEY_NSHighResolutionCapable = YES;
				LD_RUNPATH_SEARCH_PATHS = (
					"$(inherited)",
					"@executable_path/../Frameworks",
				);
				MARKETING_VERSION = 1.0;
				PRODUCT_BUNDLE_IDENTIFIER = com.autosplat.app;
				PRODUCT_NAME = "$(TARGET_NAME)";
				SWIFT_EMIT_LOC_STRINGS = YES;
				SWIFT_VERSION = 5.0;
			};
			name = Debug;
		};
		D10004 /* Release */ = {
			isa = XCBuildConfiguration;
			buildSettings = {
				ASSETCATALOG_COMPILER_APPICON_NAME = AppIcon;
				ASSETCATALOG_COMPILER_GLOBAL_ACCENT_COLOR_NAME = AccentColor;
				CODE_SIGN_ENTITLEMENTS = AutoSplat/AutoSplat.entitlements;
				CODE_SIGN_STYLE = Automatic;
				COMBINE_HIDPI_IMAGES = YES;
				CURRENT_PROJECT_VERSION = 1;
				DEVELOPMENT_TEAM = "";
				ENABLE_HARDENED_RUNTIME = YES;
				GENERATE_INFOPLIST_FILE = NO;
				INFOPLIST_FILE = AutoSplat/Info.plist;
				INFOPLIST_KEY_NSHighResolutionCapable = YES;
				LD_RUNPATH_SEARCH_PATHS = (
					"$(inherited)",
					"@executable_path/../Frameworks",
				);
				MARKETING_VERSION = 1.0;
				PRODUCT_BUNDLE_IDENTIFIER = com.autosplat.app;
				PRODUCT_NAME = "$(TARGET_NAME)";
				SWIFT_EMIT_LOC_STRINGS = YES;
				SWIFT_VERSION = 5.0;
			};
			name = Release;
		};
/* End XCBuildConfiguration section */

/* Begin XCConfigurationList section */
		C10001 /* Build configuration list for PBXProject "AutoSplat" */ = {
			isa = XCConfigurationList;
			buildConfigurations = (
				D10001 /* Debug */,
				D10002 /* Release */,
			);
			defaultConfigurationIsVisible = 0;
			defaultConfigurationName = Release;
		};
		C10003 /* Build configuration list for PBXNativeTarget "AutoSplat" */ = {
			isa = XCConfigurationList;
			buildConfigurations = (
				D10003 /* Debug */,
				D10004 /* Release */,
			);
			defaultConfigurationIsVisible = 0;
			defaultConfigurationName = Release;
		};
/* End XCConfigurationList section */

	};
	rootObject = P10001 /* Project object */;
}
